// !$*UTF8*$!
{
	archiveVersion = 1;
	classes = {
	};
	objectVersion = 50;
	objects = {

/* Begin PBXBuildFile section */
		B8C06BEE251F43730066C7D6 /* sharing.swift in Sources */ = {isa = PBXBuildFile; fileRef = B8C06BED251F43730066C7D6 /* sharing.swift */; };
		B8EA1F55251E257800AD32EC /* AppDelegate.swift in Sources */ = {isa = PBXBuildFile; fileRef = B8EA1F54251E257800AD32EC /* AppDelegate.swift */; };
		B8EA1F57251E257800AD32EC /* SceneDelegate.swift in Sources */ = {isa = PBXBuildFile; fileRef = B8EA1F56251E257800AD32EC /* SceneDelegate.swift */; };
		B8EA1F59251E257800AD32EC /* ViewController.swift in Sources */ = {isa = PBXBuildFile; fileRef = B8EA1F58251E257800AD32EC /* ViewController.swift */; };
		B8EA1F5C251E257800AD32EC /* Main.storyboard in Resources */ = {isa = PBXBuildFile; fileRef = B8EA1F5A251E257800AD32EC /* Main.storyboard */; };
		B8EA1F5F251E257800AD32EC /* SharesXC.xcdatamodeld in Sources */ = {isa = PBXBuildFile; fileRef = B8EA1F5D251E257800AD32EC /* SharesXC.xcdatamodeld */; };
		B8EA1F61251E257900AD32EC /* Assets.xcassets in Resources */ = {isa = PBXBuildFile; fileRef = B8EA1F60251E257900AD32EC /* Assets.xcassets */; };
		B8EA1F64251E257900AD32EC /* LaunchScreen.storyboard in Resources */ = {isa = PBXBuildFile; fileRef = B8EA1F62251E257900AD32EC /* LaunchScreen.storyboard */; };
/* End PBXBuildFile section */

/* Begin PBXFileReference section */
		B8C06BED251F43730066C7D6 /* sharing.swift */ = {isa = PBXFileReference; lastKnownFileType = sourcecode.swift; path = sharing.swift; sourceTree = "<group>"; };
		B8EA1F51251E257800AD32EC /* SharesXC.app */ = {isa = PBXFileReference; explicitFileType = wrapper.application; includeInIndex = 0; path = SharesXC.app; sourceTree = BUILT_PRODUCTS_DIR; };
		B8EA1F54251E257800AD32EC /* AppDelegate.swift */ = {isa = PBXFileReference; lastKnownFileType = sourcecode.swift; path = AppDelegate.swift; sourceTree = "<group>"; };
		B8EA1F56251E257800AD32EC /* SceneDelegate.swift */ = {isa = PBXFileReference; lastKnownFileType = sourcecode.swift; path = SceneDelegate.swift; sourceTree = "<group>"; };
		B8EA1F58251E257800AD32EC /* ViewController.swift */ = {isa = PBXFileReference; lastKnownFileType = sourcecode.swift; path = ViewController.swift; sourceTree = "<group>"; };
		B8EA1F5B251E257800AD32EC /* Base */ = {isa = PBXFileReference; lastKnownFileType = file.storyboard; name = Base; path = Base.lproj/Main.storyboard; sourceTree = "<group>"; };
		B8EA1F5E251E257800AD32EC /* SharesXC.xcdatamodel */ = {isa = PBXFileReference; lastKnownFileType = wrapper.xcdatamodel; path = SharesXC.xcdatamodel; sourceTree = "<group>"; };
		B8EA1F60251E257900AD32EC /* Assets.xcassets */ = {isa = PBXFileReference; lastKnownFileType = folder.assetcatalog; path = Assets.xcassets; sourceTree = "<group>"; };
		B8EA1F63251E257900AD32EC /* Base */ = {isa = PBXFileReference; lastKnownFileType = file.storyboard; name = Base; path = Base.lproj/LaunchScreen.storyboard; sourceTree = "<group>"; };
		B8EA1F65251E257900AD32EC /* Info.plist */ = {isa = PBXFileReference; lastKnownFileType = text.plist.xml; path = Info.plist; sourceTree = "<group>"; };
/* End PBXFileReference section */

/* Begin PBXFrameworksBuildPhase section */
		B8EA1F4E251E257800AD32EC /* Frameworks */ = {
			isa = PBXFrameworksBuildPhase;
			buildActionMask = 2147483647;
			files = (
			);
			runOnlyForDeploymentPostprocessing = 0;
		};
/* End PBXFrameworksBuildPhase section */

/* Begin PBXGroup section */
		B8EA1F48251E257800AD32EC = {
			isa = PBXGroup;
			children = (
				B8EA1F53251E257800AD32EC /* SharesXC */,
				B8EA1F52251E257800AD32EC /* Products */,
			);
			sourceTree = "<group>";
		};
		B8EA1F52251E257800AD32EC /* Products */ = {
			isa = PBXGroup;
			children = (
				B8EA1F51251E257800AD32EC /* SharesXC.app */,
			);
			name = Products;
			sourceTree = "<group>";
		};
		B8EA1F53251E257800AD32EC /* SharesXC */ = {
			isa = PBXGroup;
			children = (
				B8EA1F54251E257800AD32EC /* AppDelegate.swift */,
				B8EA1F56251E257800AD32EC /* SceneDelegate.swift */,
				B8C06BED251F43730066C7D6 /* sharing.swift */,
				B8EA1F58251E257800AD32EC /* ViewController.swift */,
				B8EA1F5A251E257800AD32EC /* Main.storyboard */,
				B8EA1F60251E257900AD32EC /* Assets.xcassets */,
				B8EA1F62251E257900AD32EC /* LaunchScreen.storyboard */,
				B8EA1F65251E257900AD32EC /* Info.plist */,
				B8EA1F5D251E257800AD32EC /* SharesXC.xcdatamodeld */,
			);
			path = SharesXC;
			sourceTree = "<group>";
		};
/* End PBXGroup section */

/* Begin PBXNativeTarget section */
		B8EA1F50251E257800AD32EC /* SharesXC */ = {
			isa = PBXNativeTarget;
			buildConfigurationList = B8EA1F68251E257900AD32EC /* Build configuration list for PBXNativeTarget "SharesXC" */;
			buildPhases = (
				B8EA1F4D251E257800AD32EC /* Sources */,
				B8EA1F4E251E257800AD32EC /* Frameworks */,
				B8EA1F4F251E257800AD32EC /* Resources */,
			);
			buildRules = (
			);
			dependencies = (
			);
			name = SharesXC;
			productName = SharesXC;
			productReference = B8EA1F51251E257800AD32EC /* SharesXC.app */;
			productType = "com.apple.product-type.application";
		};
/* End PBXNativeTarget section */

/* Begin PBXProject section */
		B8EA1F49251E257800AD32EC /* Project object */ = {
			isa = PBXProject;
			attributes = {
				LastSwiftUpdateCheck = 1200;
				LastUpgradeCheck = 1200;
				TargetAttributes = {
					B8EA1F50251E257800AD32EC = {
						CreatedOnToolsVersion = 12.0;
					};
				};
			};
			buildConfigurationList = B8EA1F4C251E257800AD32EC /* Build configuration list for PBXProject "SharesXC" */;
			compatibilityVersion = "Xcode 9.3";
			developmentRegion = en;
			hasScannedForEncodings = 0;
			knownRegions = (
				en,
				Base,
			);
			mainGroup = B8EA1F48251E257800AD32EC;
			productRefGroup = B8EA1F52251E257800AD32EC /* Products */;
			projectDirPath = "";
			projectRoot = "";
			targets = (
				B8EA1F50251E257800AD32EC /* SharesXC */,
			);
		};
/* End PBXProject section */

/* Begin PBXResourcesBuildPhase section */
		B8EA1F4F251E257800AD32EC /* Resources */ = {
			isa = PBXResourcesBuildPhase;
			buildActionMask = 2147483647;
			files = (
				B8EA1F64251E257900AD32EC /* LaunchScreen.storyboard in Resources */,
				B8EA1F61251E257900AD32EC /* Assets.xcassets in Resources */,
				B8EA1F5C251E257800AD32EC /* Main.storyboard in Resources */,
			);
			runOnlyForDeploymentPostprocessing = 0;
		};
/* End PBXResourcesBuildPhase section */

/* Begin PBXSourcesBuildPhase section */
		B8EA1F4D251E257800AD32EC /* Sources */ = {
			isa = PBXSourcesBuildPhase;
			buildActionMask = 2147483647;
			files = (
				B8EA1F59251E257800AD32EC /* ViewController.swift in Sources */,
				B8EA1F55251E257800AD32EC /* AppDelegate.swift in Sources */,
				B8C06BEE251F43730066C7D6 /* sharing.swift in Sources */,
				B8EA1F5F251E257800AD32EC /* SharesXC.xcdatamodeld in Sources */,
				B8EA1F57251E257800AD32EC /* SceneDelegate.swift in Sources */,
			);
			runOnlyForDeploymentPostprocessing = 0;
		};
/* End PBXSourcesBuildPhase section */

/* Begin PBXVariantGroup section */
		B8EA1F5A251E257800AD32EC /* Main.storyboard */ = {
			isa = PBXVariantGroup;
			children = (
				B8EA1F5B251E257800AD32EC /* Base */,
			);
			name = Main.storyboard;
			sourceTree = "<group>";
		};
		B8EA1F62251E257900AD32EC /* LaunchScreen.storyboard */ = {
			isa = PBXVariantGroup;
			children = (
				B8EA1F63251E257900AD32EC /* Base */,
			);
			name = LaunchScreen.storyboard;
			sourceTree = "<group>";
		};
/* End PBXVariantGroup section */

/* Begin XCBuildConfiguration section */
		B8EA1F66251E257900AD32EC /* Debug */ = {
			isa = XCBuildConfiguration;
			buildSettings = {
				ALWAYS_SEARCH_USER_PATHS = NO;
				CLANG_ANALYZER_NONNULL = YES;
				CLANG_ANALYZER_NUMBER_OBJECT_CONVERSION = YES_AGGRESSIVE;
				CLANG_CXX_LANGUAGE_STANDARD = "gnu++14";
				CLANG_CXX_LIBRARY = "libc++";
				CLANG_ENABLE_MODULES = YES;
				CLANG_ENABLE_OBJC_ARC = YES;
				CLANG_ENABLE_OBJC_WEAK = YES;
				CLANG_WARN_BLOCK_CAPTURE_AUTORELEASING = YES;
				CLANG_WARN_BOOL_CONVERSION = YES;
				CLANG_WARN_COMMA = YES;
				CLANG_WARN_CONSTANT_CONVERSION = YES;
				CLANG_WARN_DEPRECATED_OBJC_IMPLEMENTATIONS = YES;
				CLANG_WARN_DIRECT_OBJC_ISA_USAGE = YES_ERROR;
				CLANG_WARN_DOCUMENTATION_COMMENTS = YES;
				CLANG_WARN_EMPTY_BODY = YES;
				CLANG_WARN_ENUM_CONVERSION = YES;
				CLANG_WARN_INFINITE_RECURSION = YES;
				CLANG_WARN_INT_CONVERSION = YES;
				CLANG_WARN_NON_LITERAL_NULL_CONVERSION = YES;
				CLANG_WARN_OBJC_IMPLICIT_RETAIN_SELF = YES;
				CLANG_WARN_OBJC_LITERAL_CONVERSION = YES;
				CLANG_WARN_OBJC_ROOT_CLASS = YES_ERROR;
				CLANG_WARN_QUOTED_INCLUDE_IN_FRAMEWORK_HEADER = YES;
				CLANG_WARN_RANGE_LOOP_ANALYSIS = YES;
				CLANG_WARN_STRICT_PROTOTYPES = YES;
				CLANG_WARN_SUSPICIOUS_MOVE = YES;
				CLANG_WARN_UNGUARDED_AVAILABILITY = YES_AGGRESSIVE;
				CLANG_WARN_UNREACHABLE_CODE = YES;
				CLANG_WARN__DUPLICATE_METHOD_MATCH = YES;
				COPY_PHASE_STRIP = NO;
				DEBUG_INFORMATION_FORMAT = dwarf;
				ENABLE_STRICT_OBJC_MSGSEND = YES;
				ENABLE_TESTABILITY = YES;
				GCC_C_LANGUAGE_STANDARD = gnu11;
				GCC_DYNAMIC_NO_PIC = NO;
				GCC_NO_COMMON_BLOCKS = YES;
				GCC_OPTIMIZATION_LEVEL = 0;
				GCC_PREPROCESSOR_DEFINITIONS = (
					"DEBUG=1",
					"$(inherited)",
				);
				GCC_WARN_64_TO_32_BIT_CONVERSION = YES;
				GCC_WARN_ABOUT_RETURN_TYPE = YES_ERROR;
				GCC_WARN_UNDECLARED_SELECTOR = YES;
				GCC_WARN_UNINITIALIZED_AUTOS = YES_AGGRESSIVE;
				GCC_WARN_UNUSED_FUNCTION = YES;
				GCC_WARN_UNUSED_VARIABLE = YES;
				IPHONEOS_DEPLOYMENT_TARGET = 14.0;
				MTL_ENABLE_DEBUG_INFO = INCLUDE_SOURCE;
				MTL_FAST_MATH = YES;
				ONLY_ACTIVE_ARCH = YES;
				SDKROOT = iphoneos;
				SWIFT_ACTIVE_COMPILATION_CONDITIONS = DEBUG;
				SWIFT_OPTIMIZATION_LEVEL = "-Onone";
			};
			name = Debug;
		};
		B8EA1F67251E257900AD32EC /* Release */ = {
			isa = XCBuildConfiguration;
			buildSettings = {
				ALWAYS_SEARCH_USER_PATHS = NO;
				CLANG_ANALYZER_NONNULL = YES;
				CLANG_ANALYZER_NUMBER_OBJECT_CONVERSION = YES_AGGRESSIVE;
				CLANG_CXX_LANGUAGE_STANDARD = "gnu++14";
				CLANG_CXX_LIBRARY = "libc++";
				CLANG_ENABLE_MODULES = YES;
				CLANG_ENABLE_OBJC_ARC = YES;
				CLANG_ENABLE_OBJC_WEAK = YES;
				CLANG_WARN_BLOCK_CAPTURE_AUTORELEASING = YES;
				CLANG_WARN_BOOL_CONVERSION = YES;
				CLANG_WARN_COMMA = YES;
				CLANG_WARN_CONSTANT_CONVERSION = YES;
				CLANG_WARN_DEPRECATED_OBJC_IMPLEMENTATIONS = YES;
				CLANG_WARN_DIRECT_OBJC_ISA_USAGE = YES_ERROR;
				CLANG_WARN_DOCUMENTATION_COMMENTS = YES;
				CLANG_WARN_EMPTY_BODY = YES;
				CLANG_WARN_ENUM_CONVERSION = YES;
				CLANG_WARN_INFINITE_RECURSION = YES;
				CLANG_WARN_INT_CONVERSION = YES;
				CLANG_WARN_NON_LITERAL_NULL_CONVERSION = YES;
				CLANG_WARN_OBJC_IMPLICIT_RETAIN_SELF = YES;
				CLANG_WARN_OBJC_LITERAL_CONVERSION = YES;
				CLANG_WARN_OBJC_ROOT_CLASS = YES_ERROR;
				CLANG_WARN_QUOTED_INCLUDE_IN_FRAMEWORK_HEADER = YES;
				CLANG_WARN_RANGE_LOOP_ANALYSIS = YES;
				CLANG_WARN_STRICT_PROTOTYPES = YES;
				CLANG_WARN_SUSPICIOUS_MOVE = YES;
				CLANG_WARN_UNGUARDED_AVAILABILITY = YES_AGGRESSIVE;
				CLANG_WARN_UNREACHABLE_CODE = YES;
				CLANG_WARN__DUPLICATE_METHOD_MATCH = YES;
				COPY_PHASE_STRIP = NO;
				DEBUG_INFORMATION_FORMAT = "dwarf-with-dsym";
				ENABLE_NS_ASSERTIONS = NO;
				ENABLE_STRICT_OBJC_MSGSEND = YES;
				GCC_C_LANGUAGE_STANDARD = gnu11;
				GCC_NO_COMMON_BLOCKS = YES;
				GCC_WARN_64_TO_32_BIT_CONVERSION = YES;
				GCC_WARN_ABOUT_RETURN_TYPE = YES_ERROR;
				GCC_WARN_UNDECLARED_SELECTOR = YES;
				GCC_WARN_UNINITIALIZED_AUTOS = YES_AGGRESSIVE;
				GCC_WARN_UNUSED_FUNCTION = YES;
				GCC_WARN_UNUSED_VARIABLE = YES;
				IPHONEOS_DEPLOYMENT_TARGET = 14.0;
				MTL_ENABLE_DEBUG_INFO = NO;
				MTL_FAST_MATH = YES;
				SDKROOT = iphoneos;
				SWIFT_COMPILATION_MODE = wholemodule;
				SWIFT_OPTIMIZATION_LEVEL = "-O";
				VALIDATE_PRODUCT = YES;
			};
			name = Release;
		};
		B8EA1F69251E257900AD32EC /* Debug */ = {
			isa = XCBuildConfiguration;
			buildSettings = {
				ASSETCATALOG_COMPILER_APPICON_NAME = AppIcon;
				ASSETCATALOG_COMPILER_GLOBAL_ACCENT_COLOR_NAME = AccentColor;
				CODE_SIGN_STYLE = Automatic;
				DEVELOPMENT_TEAM = 4438DCVBWY;
				INFOPLIST_FILE = SharesXC/Info.plist;
				IPHONEOS_DEPLOYMENT_TARGET = 13.2;
				LD_RUNPATH_SEARCH_PATHS = (
					"$(inherited)",
					"@executable_path/Frameworks",
				);
				PRODUCT_BUNDLE_IDENTIFIER = com.abdullah.SharesXC;
				PRODUCT_NAME = "$(TARGET_NAME)";
				SWIFT_VERSION = 5.0;
				TARGETED_DEVICE_FAMILY = "1,2";
			};
			name = Debug;
		};
		B8EA1F6A251E257900AD32EC /* Release */ = {
			isa = XCBuildConfiguration;
			buildSettings = {
				ASSETCATALOG_COMPILER_APPICON_NAME = AppIcon;
				ASSETCATALOG_COMPILER_GLOBAL_ACCENT_COLOR_NAME = AccentColor;
				CODE_SIGN_STYLE = Automatic;
				DEVELOPMENT_TEAM = 4438DCVBWY;
				INFOPLIST_FILE = SharesXC/Info.plist;
				IPHONEOS_DEPLOYMENT_TARGET = 13.2;
				LD_RUNPATH_SEARCH_PATHS = (
					"$(inherited)",
					"@executable_path/Frameworks",
				);
				PRODUCT_BUNDLE_IDENTIFIER = com.abdullah.SharesXC;
				PRODUCT_NAME = "$(TARGET_NAME)";
				SWIFT_VERSION = 5.0;
				TARGETED_DEVICE_FAMILY = "1,2";
			};
			name = Release;
		};
/* End XCBuildConfiguration section */

/* Begin XCConfigurationList section */
		B8EA1F4C251E257800AD32EC /* Build configuration list for PBXProject "SharesXC" */ = {
			isa = XCConfigurationList;
			buildConfigurations = (
				B8EA1F66251E257900AD32EC /* Debug */,
				B8EA1F67251E257900AD32EC /* Release */,
			);
			defaultConfigurationIsVisible = 0;
			defaultConfigurationName = Release;
		};
		B8EA1F68251E257900AD32EC /* Build configuration list for PBXNativeTarget "SharesXC" */ = {
			isa = XCConfigurationList;
			buildConfigurations = (
				B8EA1F69251E257900AD32EC /* Debug */,
				B8EA1F6A251E257900AD32EC /* Release */,
			);
			defaultConfigurationIsVisible = 0;
			defaultConfigurationName = Release;
		};
/* End XCConfigurationList section */

/* Begin XCVersionGroup section */
		B8EA1F5D251E257800AD32EC /* SharesXC.xcdatamodeld */ = {
			isa = XCVersionGroup;
			children = (
				B8EA1F5E251E257800AD32EC /* SharesXC.xcdatamodel */,
			);
			currentVersion = B8EA1F5E251E257800AD32EC /* SharesXC.xcdatamodel */;
			path = SharesXC.xcdatamodeld;
			sourceTree = "<group>";
			versionGroupType = wrapper.xcdatamodel;
		};
/* End XCVersionGroup section */
	};
	rootObject = B8EA1F49251E257800AD32EC /* Project object */;
}
